// !$*UTF8*$!
{
	archiveVersion = 1;
	classes = {
	};
	objectVersion = 46;
	objects = {

/* Begin PBXBuildFile section */
		5EAA9F804B47F9318DBADDD1 /* libPods-LetFun.a in Frameworks */ = {isa = PBXBuildFile; fileRef = 334E77325B25A3DCCB8132A5 /* libPods-LetFun.a */; };
		F64CB6BF1D664AE400215471 /* Assets.xcassets in Resources */ = {isa = PBXBuildFile; fileRef = F64CB6BE1D664AE400215471 /* Assets.xcassets */; };
		F64CB6CD1D664AE400215471 /* LetFunTests.m in Sources */ = {isa = PBXBuildFile; fileRef = F64CB6CC1D664AE400215471 /* LetFunTests.m */; };
		F64CB6D81D664AE400215471 /* LetFunUITests.m in Sources */ = {isa = PBXBuildFile; fileRef = F64CB6D71D664AE400215471 /* LetFunUITests.m */; };
		F64CB7271D66BFB900215471 /* LHYEssenceViewController.m in Sources */ = {isa = PBXBuildFile; fileRef = F64CB7021D66BFB900215471 /* LHYEssenceViewController.m */; };
		F64CB7281D66BFB900215471 /* LHYfriendTrendsViewController.m in Sources */ = {isa = PBXBuildFile; fileRef = F64CB7081D66BFB900215471 /* LHYfriendTrendsViewController.m */; };
		F64CB7291D66BFB900215471 /* LHYMeViewController.m in Sources */ = {isa = PBXBuildFile; fileRef = F64CB70E1D66BFB900215471 /* LHYMeViewController.m */; };
		F64CB72A1D66BFB900215471 /* LHYNewViewController.m in Sources */ = {isa = PBXBuildFile; fileRef = F64CB7141D66BFB900215471 /* LHYNewViewController.m */; };
		F64CB72B1D66BFB900215471 /* AppDelegate.m in Sources */ = {isa = PBXBuildFile; fileRef = F64CB7191D66BFB900215471 /* AppDelegate.m */; };
		F64CB72C1D66BFB900215471 /* UIBarButtonItem+LHYExtension.m in Sources */ = {isa = PBXBuildFile; fileRef = F64CB71C1D66BFB900215471 /* UIBarButtonItem+LHYExtension.m */; };
		F64CB72D1D66BFB900215471 /* UIView+LHYExtension.m in Sources */ = {isa = PBXBuildFile; fileRef = F64CB71E1D66BFB900215471 /* UIView+LHYExtension.m */; };
		F64CB72E1D66BFB900215471 /* LHYTabBarController.m in Sources */ = {isa = PBXBuildFile; fileRef = F64CB7211D66BFB900215471 /* LHYTabBarController.m */; };
		F64CB72F1D66BFB900215471 /* main.m in Sources */ = {isa = PBXBuildFile; fileRef = F64CB7221D66BFB900215471 /* main.m */; };
		F64CB7301D66BFB900215471 /* LHYTabBar.m in Sources */ = {isa = PBXBuildFile; fileRef = F64CB7261D66BFB900215471 /* LHYTabBar.m */; };
		F64CB7331D6734BC00215471 /* LHYUINavigationController.m in Sources */ = {isa = PBXBuildFile; fileRef = F64CB7321D6734BC00215471 /* LHYUINavigationController.m */; };
		F64CB7381D6764A000215471 /* LHYfriendTrendsViewController.xib in Resources */ = {isa = PBXBuildFile; fileRef = F64CB7371D6764A000215471 /* LHYfriendTrendsViewController.xib */; };
		F64CB73A1D676BB000215471 /* XMGFriendTrendsViewController.xib in Resources */ = {isa = PBXBuildFile; fileRef = F64CB7391D676BB000215471 /* XMGFriendTrendsViewController.xib */; };
		F659B48B1D67BD5C00A7C48D /* LHYRecommnedViewController.m in Sources */ = {isa = PBXBuildFile; fileRef = F659B4891D67BD5C00A7C48D /* LHYRecommnedViewController.m */; };
		F659B48C1D67BD5C00A7C48D /* LHYRecommnedViewController.xib in Resources */ = {isa = PBXBuildFile; fileRef = F659B48A1D67BD5C00A7C48D /* LHYRecommnedViewController.xib */; };
		F659B4911D68C08A00A7C48D /* LHYRecommendCategory.m in Sources */ = {isa = PBXBuildFile; fileRef = F659B4901D68C08A00A7C48D /* LHYRecommendCategory.m */; };
		F659B4981D693F8F00A7C48D /* LHYRecommendCategoryCell.m in Sources */ = {isa = PBXBuildFile; fileRef = F659B4961D693F8F00A7C48D /* LHYRecommendCategoryCell.m */; };
		F659B4991D693F8F00A7C48D /* LHYRecommendCategoryCell.xib in Resources */ = {isa = PBXBuildFile; fileRef = F659B4971D693F8F00A7C48D /* LHYRecommendCategoryCell.xib */; };
		F659B4A01D6955BF00A7C48D /* LHYSettingTableViewController.m in Sources */ = {isa = PBXBuildFile; fileRef = F659B49F1D6955BF00A7C48D /* LHYSettingTableViewController.m */; };
		F659B4A41D69678F00A7C48D /* Foundation+Log.m in Sources */ = {isa = PBXBuildFile; fileRef = F659B4A31D69678F00A7C48D /* Foundation+Log.m */; };
		F659B4A81D6969E100A7C48D /* LHYRecommendUserCell.m in Sources */ = {isa = PBXBuildFile; fileRef = F659B4A61D6969E100A7C48D /* LHYRecommendUserCell.m */; };
		F659B4A91D6969E100A7C48D /* LHYRecommendUserCell.xib in Resources */ = {isa = PBXBuildFile; fileRef = F659B4A71D6969E100A7C48D /* LHYRecommendUserCell.xib */; };
		F659B4AC1D696CEC00A7C48D /* LHYRecommendUser.m in Sources */ = {isa = PBXBuildFile; fileRef = F659B4AB1D696CEC00A7C48D /* LHYRecommendUser.m */; };
/* End PBXBuildFile section */

/* Begin PBXContainerItemProxy section */
		F64CB6C91D664AE400215471 /* PBXContainerItemProxy */ = {
			isa = PBXContainerItemProxy;
			containerPortal = F64CB6A71D664AE400215471 /* Project object */;
			proxyType = 1;
			remoteGlobalIDString = F64CB6AE1D664AE400215471;
			remoteInfo = LetFun;
		};
		F64CB6D41D664AE400215471 /* PBXContainerItemProxy */ = {
			isa = PBXContainerItemProxy;
			containerPortal = F64CB6A71D664AE400215471 /* Project object */;
			proxyType = 1;
			remoteGlobalIDString = F64CB6AE1D664AE400215471;
			remoteInfo = LetFun;
		};
/* End PBXContainerItemProxy section */

/* Begin PBXFileReference section */
		334E77325B25A3DCCB8132A5 /* libPods-LetFun.a */ = {isa = PBXFileReference; explicitFileType = archive.ar; includeInIndex = 0; path = "libPods-LetFun.a"; sourceTree = BUILT_PRODUCTS_DIR; };
		84D7DC52BA417A6704B0FB7C /* Pods-LetFun.release.xcconfig */ = {isa = PBXFileReference; includeInIndex = 1; lastKnownFileType = text.xcconfig; name = "Pods-LetFun.release.xcconfig"; path = "Pods/Target Support Files/Pods-LetFun/Pods-LetFun.release.xcconfig"; sourceTree = "<group>"; };
		A2C07878598BAA8194397273 /* Pods-LetFun.debug.xcconfig */ = {isa = PBXFileReference; includeInIndex = 1; lastKnownFileType = text.xcconfig; name = "Pods-LetFun.debug.xcconfig"; path = "Pods/Target Support Files/Pods-LetFun/Pods-LetFun.debug.xcconfig"; sourceTree = "<group>"; };
		F64CB6AF1D664AE400215471 /* LetFun.app */ = {isa = PBXFileReference; explicitFileType = wrapper.application; includeInIndex = 0; path = LetFun.app; sourceTree = BUILT_PRODUCTS_DIR; };
		F64CB6BE1D664AE400215471 /* Assets.xcassets */ = {isa = PBXFileReference; lastKnownFileType = folder.assetcatalog; path = Assets.xcassets; sourceTree = "<group>"; };
		F64CB6C31D664AE400215471 /* Info.plist */ = {isa = PBXFileReference; lastKnownFileType = text.plist.xml; path = Info.plist; sourceTree = "<group>"; };
		F64CB6C81D664AE400215471 /* LetFunTests.xctest */ = {isa = PBXFileReference; explicitFileType = wrapper.cfbundle; includeInIndex = 0; path = LetFunTests.xctest; sourceTree = BUILT_PRODUCTS_DIR; };
		F64CB6CC1D664AE400215471 /* LetFunTests.m */ = {isa = PBXFileReference; lastKnownFileType = sourcecode.c.objc; path = LetFunTests.m; sourceTree = "<group>"; };
		F64CB6CE1D664AE400215471 /* Info.plist */ = {isa = PBXFileReference; lastKnownFileType = text.plist.xml; path = Info.plist; sourceTree = "<group>"; };
		F64CB6D31D664AE400215471 /* LetFunUITests.xctest */ = {isa = PBXFileReference; explicitFileType = wrapper.cfbundle; includeInIndex = 0; path = LetFunUITests.xctest; sourceTree = BUILT_PRODUCTS_DIR; };
		F64CB6D71D664AE400215471 /* LetFunUITests.m */ = {isa = PBXFileReference; lastKnownFileType = sourcecode.c.objc; path = LetFunUITests.m; sourceTree = "<group>"; };
		F64CB6D91D664AE400215471 /* Info.plist */ = {isa = PBXFileReference; lastKnownFileType = text.plist.xml; path = Info.plist; sourceTree = "<group>"; };
		F64CB7011D66BFB900215471 /* LHYEssenceViewController.h */ = {isa = PBXFileReference; fileEncoding = 4; lastKnownFileType = sourcecode.c.h; path = LHYEssenceViewController.h; sourceTree = "<group>"; };
		F64CB7021D66BFB900215471 /* LHYEssenceViewController.m */ = {isa = PBXFileReference; fileEncoding = 4; lastKnownFileType = sourcecode.c.objc; path = LHYEssenceViewController.m; sourceTree = "<group>"; };
		F64CB7071D66BFB900215471 /* LHYfriendTrendsViewController.h */ = {isa = PBXFileReference; fileEncoding = 4; lastKnownFileType = sourcecode.c.h; path = LHYfriendTrendsViewController.h; sourceTree = "<group>"; };
		F64CB7081D66BFB900215471 /* LHYfriendTrendsViewController.m */ = {isa = PBXFileReference; fileEncoding = 4; lastKnownFileType = sourcecode.c.objc; path = LHYfriendTrendsViewController.m; sourceTree = "<group>"; };
		F64CB70D1D66BFB900215471 /* LHYMeViewController.h */ = {isa = PBXFileReference; fileEncoding = 4; lastKnownFileType = sourcecode.c.h; path = LHYMeViewController.h; sourceTree = "<group>"; };
		F64CB70E1D66BFB900215471 /* LHYMeViewController.m */ = {isa = PBXFileReference; fileEncoding = 4; lastKnownFileType = sourcecode.c.objc; path = LHYMeViewController.m; sourceTree = "<group>"; };
		F64CB7131D66BFB900215471 /* LHYNewViewController.h */ = {isa = PBXFileReference; fileEncoding = 4; lastKnownFileType = sourcecode.c.h; path = LHYNewViewController.h; sourceTree = "<group>"; };
		F64CB7141D66BFB900215471 /* LHYNewViewController.m */ = {isa = PBXFileReference; fileEncoding = 4; lastKnownFileType = sourcecode.c.objc; path = LHYNewViewController.m; sourceTree = "<group>"; };
		F64CB7181D66BFB900215471 /* AppDelegate.h */ = {isa = PBXFileReference; fileEncoding = 4; lastKnownFileType = sourcecode.c.h; path = AppDelegate.h; sourceTree = "<group>"; };
		F64CB7191D66BFB900215471 /* AppDelegate.m */ = {isa = PBXFileReference; fileEncoding = 4; lastKnownFileType = sourcecode.c.objc; path = AppDelegate.m; sourceTree = "<group>"; };
		F64CB71B1D66BFB900215471 /* UIBarButtonItem+LHYExtension.h */ = {isa = PBXFileReference; fileEncoding = 4; lastKnownFileType = sourcecode.c.h; path = "UIBarButtonItem+LHYExtension.h"; sourceTree = "<group>"; };
		F64CB71C1D66BFB900215471 /* UIBarButtonItem+LHYExtension.m */ = {isa = PBXFileReference; fileEncoding = 4; lastKnownFileType = sourcecode.c.objc; path = "UIBarButtonItem+LHYExtension.m"; sourceTree = "<group>"; };
		F64CB71D1D66BFB900215471 /* UIView+LHYExtension.h */ = {isa = PBXFileReference; fileEncoding = 4; lastKnownFileType = sourcecode.c.h; path = "UIView+LHYExtension.h"; sourceTree = "<group>"; };
		F64CB71E1D66BFB900215471 /* UIView+LHYExtension.m */ = {isa = PBXFileReference; fileEncoding = 4; lastKnownFileType = sourcecode.c.objc; path = "UIView+LHYExtension.m"; sourceTree = "<group>"; };
		F64CB7201D66BFB900215471 /* LHYTabBarController.h */ = {isa = PBXFileReference; fileEncoding = 4; lastKnownFileType = sourcecode.c.h; path = LHYTabBarController.h; sourceTree = "<group>"; };
		F64CB7211D66BFB900215471 /* LHYTabBarController.m */ = {isa = PBXFileReference; fileEncoding = 4; lastKnownFileType = sourcecode.c.objc; path = LHYTabBarController.m; sourceTree = "<group>"; };
		F64CB7221D66BFB900215471 /* main.m */ = {isa = PBXFileReference; fileEncoding = 4; lastKnownFileType = sourcecode.c.objc; path = main.m; sourceTree = "<group>"; };
		F64CB7231D66BFB900215471 /* PrefixHeader.pch */ = {isa = PBXFileReference; fileEncoding = 4; lastKnownFileType = sourcecode.c.h; path = PrefixHeader.pch; sourceTree = "<group>"; };
		F64CB7251D66BFB900215471 /* LHYTabBar.h */ = {isa = PBXFileReference; fileEncoding = 4; lastKnownFileType = sourcecode.c.h; path = LHYTabBar.h; sourceTree = "<group>"; };
		F64CB7261D66BFB900215471 /* LHYTabBar.m */ = {isa = PBXFileReference; fileEncoding = 4; lastKnownFileType = sourcecode.c.objc; path = LHYTabBar.m; sourceTree = "<group>"; };
		F64CB7311D6734BC00215471 /* LHYUINavigationController.h */ = {isa = PBXFileReference; fileEncoding = 4; lastKnownFileType = sourcecode.c.h; name = LHYUINavigationController.h; path = ../View/LHYUINavigationController.h; sourceTree = "<group>"; };
		F64CB7321D6734BC00215471 /* LHYUINavigationController.m */ = {isa = PBXFileReference; fileEncoding = 4; lastKnownFileType = sourcecode.c.objc; name = LHYUINavigationController.m; path = ../View/LHYUINavigationController.m; sourceTree = "<group>"; };
		F64CB7371D6764A000215471 /* LHYfriendTrendsViewController.xib */ = {isa = PBXFileReference; fileEncoding = 4; lastKnownFileType = file.xib; path = LHYfriendTrendsViewController.xib; sourceTree = "<group>"; };
		F64CB7391D676BB000215471 /* XMGFriendTrendsViewController.xib */ = {isa = PBXFileReference; fileEncoding = 4; lastKnownFileType = file.xib; path = XMGFriendTrendsViewController.xib; sourceTree = "<group>"; };
		F659B4881D67BD5C00A7C48D /* LHYRecommnedViewController.h */ = {isa = PBXFileReference; fileEncoding = 4; lastKnownFileType = sourcecode.c.h; path = LHYRecommnedViewController.h; sourceTree = "<group>"; };
		F659B4891D67BD5C00A7C48D /* LHYRecommnedViewController.m */ = {isa = PBXFileReference; fileEncoding = 4; lastKnownFileType = sourcecode.c.objc; path = LHYRecommnedViewController.m; sourceTree = "<group>"; };
		F659B48A1D67BD5C00A7C48D /* LHYRecommnedViewController.xib */ = {isa = PBXFileReference; fileEncoding = 4; lastKnownFileType = file.xib; path = LHYRecommnedViewController.xib; sourceTree = "<group>"; };
		F659B48F1D68C08A00A7C48D /* LHYRecommendCategory.h */ = {isa = PBXFileReference; fileEncoding = 4; lastKnownFileType = sourcecode.c.h; path = LHYRecommendCategory.h; sourceTree = "<group>"; };
		F659B4901D68C08A00A7C48D /* LHYRecommendCategory.m */ = {isa = PBXFileReference; fileEncoding = 4; lastKnownFileType = sourcecode.c.objc; path = LHYRecommendCategory.m; sourceTree = "<group>"; };
		F659B4951D693F8F00A7C48D /* LHYRecommendCategoryCell.h */ = {isa = PBXFileReference; fileEncoding = 4; lastKnownFileType = sourcecode.c.h; path = LHYRecommendCategoryCell.h; sourceTree = "<group>"; };
		F659B4961D693F8F00A7C48D /* LHYRecommendCategoryCell.m */ = {isa = PBXFileReference; fileEncoding = 4; lastKnownFileType = sourcecode.c.objc; path = LHYRecommendCategoryCell.m; sourceTree = "<group>"; };
		F659B4971D693F8F00A7C48D /* LHYRecommendCategoryCell.xib */ = {isa = PBXFileReference; fileEncoding = 4; lastKnownFileType = file.xib; path = LHYRecommendCategoryCell.xib; sourceTree = "<group>"; };
		F659B49E1D6955BF00A7C48D /* LHYSettingTableViewController.h */ = {isa = PBXFileReference; fileEncoding = 4; lastKnownFileType = sourcecode.c.h; path = LHYSettingTableViewController.h; sourceTree = "<group>"; };
		F659B49F1D6955BF00A7C48D /* LHYSettingTableViewController.m */ = {isa = PBXFileReference; fileEncoding = 4; lastKnownFileType = sourcecode.c.objc; path = LHYSettingTableViewController.m; sourceTree = "<group>"; };
		F659B4A31D69678F00A7C48D /* Foundation+Log.m */ = {isa = PBXFileReference; fileEncoding = 4; lastKnownFileType = sourcecode.c.objc; path = "Foundation+Log.m"; sourceTree = "<group>"; };
		F659B4A51D6969E100A7C48D /* LHYRecommendUserCell.h */ = {isa = PBXFileReference; fileEncoding = 4; lastKnownFileType = sourcecode.c.h; path = LHYRecommendUserCell.h; sourceTree = "<group>"; };
		F659B4A61D6969E100A7C48D /* LHYRecommendUserCell.m */ = {isa = PBXFileReference; fileEncoding = 4; lastKnownFileType = sourcecode.c.objc; path = LHYRecommendUserCell.m; sourceTree = "<group>"; };
		F659B4A71D6969E100A7C48D /* LHYRecommendUserCell.xib */ = {isa = PBXFileReference; fileEncoding = 4; lastKnownFileType = file.xib; path = LHYRecommendUserCell.xib; sourceTree = "<group>"; };
		F659B4AA1D696CEC00A7C48D /* LHYRecommendUser.h */ = {isa = PBXFileReference; fileEncoding = 4; lastKnownFileType = sourcecode.c.h; path = LHYRecommendUser.h; sourceTree = "<group>"; };
		F659B4AB1D696CEC00A7C48D /* LHYRecommendUser.m */ = {isa = PBXFileReference; fileEncoding = 4; lastKnownFileType = sourcecode.c.objc; path = LHYRecommendUser.m; sourceTree = "<group>"; };
/* End PBXFileReference section */

/* Begin PBXFrameworksBuildPhase section */
		F64CB6AC1D664AE400215471 /* Frameworks */ = {
			isa = PBXFrameworksBuildPhase;
			buildActionMask = 2147483647;
			files = (
				5EAA9F804B47F9318DBADDD1 /* libPods-LetFun.a in Frameworks */,
			);
			runOnlyForDeploymentPostprocessing = 0;
		};
		F64CB6C51D664AE400215471 /* Frameworks */ = {
			isa = PBXFrameworksBuildPhase;
			buildActionMask = 2147483647;
			files = (
			);
			runOnlyForDeploymentPostprocessing = 0;
		};
		F64CB6D01D664AE400215471 /* Frameworks */ = {
			isa = PBXFrameworksBuildPhase;
			buildActionMask = 2147483647;
			files = (
			);
			runOnlyForDeploymentPostprocessing = 0;
		};
/* End PBXFrameworksBuildPhase section */

/* Begin PBXGroup section */
		129612BB21D1B98EE319CE1F /* Pods */ = {
			isa = PBXGroup;
			children = (
				A2C07878598BAA8194397273 /* Pods-LetFun.debug.xcconfig */,
				84D7DC52BA417A6704B0FB7C /* Pods-LetFun.release.xcconfig */,
			);
			name = Pods;
			sourceTree = "<group>";
		};
		61205AD83EC21B736780059E /* Frameworks */ = {
			isa = PBXGroup;
			children = (
				334E77325B25A3DCCB8132A5 /* libPods-LetFun.a */,
			);
			name = Frameworks;
			sourceTree = "<group>";
		};
		F64CB6A61D664AE400215471 = {
			isa = PBXGroup;
			children = (
				F64CB6B11D664AE400215471 /* LetFun */,
				F64CB6CB1D664AE400215471 /* LetFunTests */,
				F64CB6D61D664AE400215471 /* LetFunUITests */,
				F64CB6B01D664AE400215471 /* Products */,
				129612BB21D1B98EE319CE1F /* Pods */,
				61205AD83EC21B736780059E /* Frameworks */,
			);
			sourceTree = "<group>";
		};
		F64CB6B01D664AE400215471 /* Products */ = {
			isa = PBXGroup;
			children = (
				F64CB6AF1D664AE400215471 /* LetFun.app */,
				F64CB6C81D664AE400215471 /* LetFunTests.xctest */,
				F64CB6D31D664AE400215471 /* LetFunUITests.xctest */,
			);
			name = Products;
			sourceTree = "<group>";
		};
		F64CB6B11D664AE400215471 /* LetFun */ = {
			isa = PBXGroup;
			children = (
				F64CB6FE1D66BFB900215471 /* Classes */,
				F64CB6B21D664AE400215471 /* Supporting Files */,
			);
			path = LetFun;
			sourceTree = "<group>";
		};
		F64CB6B21D664AE400215471 /* Supporting Files */ = {
			isa = PBXGroup;
			children = (
				F64CB6BE1D664AE400215471 /* Assets.xcassets */,
				F64CB6C31D664AE400215471 /* Info.plist */,
			);
			name = "Supporting Files";
			sourceTree = "<group>";
		};
		F64CB6CB1D664AE400215471 /* LetFunTests */ = {
			isa = PBXGroup;
			children = (
				F64CB6CC1D664AE400215471 /* LetFunTests.m */,
				F64CB6CE1D664AE400215471 /* Info.plist */,
			);
			path = LetFunTests;
			sourceTree = "<group>";
		};
		F64CB6D61D664AE400215471 /* LetFunUITests */ = {
			isa = PBXGroup;
			children = (
				F64CB6D71D664AE400215471 /* LetFunUITests.m */,
				F64CB6D91D664AE400215471 /* Info.plist */,
			);
			path = LetFunUITests;
			sourceTree = "<group>";
		};
		F64CB6FE1D66BFB900215471 /* Classes */ = {
			isa = PBXGroup;
			children = (
				F659B49A1D69559800A7C48D /* Setting */,
				F64CB6FF1D66BFB900215471 /* Essence */,
				F64CB7051D66BFB900215471 /* friendTrends */,
				F64CB70B1D66BFB900215471 /* Me */,
				F64CB7111D66BFB900215471 /* New */,
				F64CB7171D66BFB900215471 /* Other */,
			);
			path = Classes;
			sourceTree = "<group>";
		};
		F64CB6FF1D66BFB900215471 /* Essence */ = {
			isa = PBXGroup;
			children = (
				F64CB7001D66BFB900215471 /* Controller */,
				F64CB7031D66BFB900215471 /* Model */,
				F64CB7041D66BFB900215471 /* View */,
			);
			path = Essence;
			sourceTree = "<group>";
		};
		F64CB7001D66BFB900215471 /* Controller */ = {
			isa = PBXGroup;
			children = (
				F64CB7011D66BFB900215471 /* LHYEssenceViewController.h */,
				F64CB7021D66BFB900215471 /* LHYEssenceViewController.m */,
			);
			path = Controller;
			sourceTree = "<group>";
		};
		F64CB7031D66BFB900215471 /* Model */ = {
			isa = PBXGroup;
			children = (
			);
			path = Model;
			sourceTree = "<group>";
		};
		F64CB7041D66BFB900215471 /* View */ = {
			isa = PBXGroup;
			children = (
			);
			path = View;
			sourceTree = "<group>";
		};
		F64CB7051D66BFB900215471 /* friendTrends */ = {
			isa = PBXGroup;
			children = (
				F64CB7061D66BFB900215471 /* Controller */,
				F64CB7091D66BFB900215471 /* Model */,
				F64CB70A1D66BFB900215471 /* View */,
			);
			path = friendTrends;
			sourceTree = "<group>";
		};
		F64CB7061D66BFB900215471 /* Controller */ = {
			isa = PBXGroup;
			children = (
				F64CB7391D676BB000215471 /* XMGFriendTrendsViewController.xib */,
				F64CB7071D66BFB900215471 /* LHYfriendTrendsViewController.h */,
				F64CB7081D66BFB900215471 /* LHYfriendTrendsViewController.m */,
				F64CB7371D6764A000215471 /* LHYfriendTrendsViewController.xib */,
				F659B4881D67BD5C00A7C48D /* LHYRecommnedViewController.h */,
				F659B4891D67BD5C00A7C48D /* LHYRecommnedViewController.m */,
				F659B48A1D67BD5C00A7C48D /* LHYRecommnedViewController.xib */,
			);
			path = Controller;
			sourceTree = "<group>";
		};
		F64CB7091D66BFB900215471 /* Model */ = {
			isa = PBXGroup;
			children = (
				F659B48F1D68C08A00A7C48D /* LHYRecommendCategory.h */,
				F659B4901D68C08A00A7C48D /* LHYRecommendCategory.m */,
				F659B4AA1D696CEC00A7C48D /* LHYRecommendUser.h */,
				F659B4AB1D696CEC00A7C48D /* LHYRecommendUser.m */,
			);
			path = Model;
			sourceTree = "<group>";
		};
		F64CB70A1D66BFB900215471 /* View */ = {
			isa = PBXGroup;
			children = (
				F659B4951D693F8F00A7C48D /* LHYRecommendCategoryCell.h */,
				F659B4961D693F8F00A7C48D /* LHYRecommendCategoryCell.m */,
				F659B4971D693F8F00A7C48D /* LHYRecommendCategoryCell.xib */,
				F659B4A51D6969E100A7C48D /* LHYRecommendUserCell.h */,
				F659B4A61D6969E100A7C48D /* LHYRecommendUserCell.m */,
				F659B4A71D6969E100A7C48D /* LHYRecommendUserCell.xib */,
			);
			path = View;
			sourceTree = "<group>";
		};
		F64CB70B1D66BFB900215471 /* Me */ = {
			isa = PBXGroup;
			children = (
				F64CB70C1D66BFB900215471 /* Controller */,
				F64CB70F1D66BFB900215471 /* Model */,
				F64CB7101D66BFB900215471 /* View */,
			);
			path = Me;
			sourceTree = "<group>";
		};
		F64CB70C1D66BFB900215471 /* Controller */ = {
			isa = PBXGroup;
			children = (
				F64CB70D1D66BFB900215471 /* LHYMeViewController.h */,
				F64CB70E1D66BFB900215471 /* LHYMeViewController.m */,
			);
			path = Controller;
			sourceTree = "<group>";
		};
		F64CB70F1D66BFB900215471 /* Model */ = {
			isa = PBXGroup;
			children = (
			);
			path = Model;
			sourceTree = "<group>";
		};
		F64CB7101D66BFB900215471 /* View */ = {
			isa = PBXGroup;
			children = (
			);
			path = View;
			sourceTree = "<group>";
		};
		F64CB7111D66BFB900215471 /* New */ = {
			isa = PBXGroup;
			children = (
				F64CB7121D66BFB900215471 /* Controller */,
				F64CB7151D66BFB900215471 /* Model */,
				F64CB7161D66BFB900215471 /* View */,
			);
			path = New;
			sourceTree = "<group>";
		};
		F64CB7121D66BFB900215471 /* Controller */ = {
			isa = PBXGroup;
			children = (
				F64CB7131D66BFB900215471 /* LHYNewViewController.h */,
				F64CB7141D66BFB900215471 /* LHYNewViewController.m */,
			);
			path = Controller;
			sourceTree = "<group>";
		};
		F64CB7151D66BFB900215471 /* Model */ = {
			isa = PBXGroup;
			children = (
			);
			path = Model;
			sourceTree = "<group>";
		};
		F64CB7161D66BFB900215471 /* View */ = {
			isa = PBXGroup;
			children = (
			);
			path = View;
			sourceTree = "<group>";
		};
		F64CB7171D66BFB900215471 /* Other */ = {
			isa = PBXGroup;
			children = (
				F659B4A31D69678F00A7C48D /* Foundation+Log.m */,
				F64CB7241D66BFB900215471 /* View */,
				F64CB71F1D66BFB900215471 /* Controller */,
				F64CB71A1D66BFB900215471 /* category */,
				F64CB7181D66BFB900215471 /* AppDelegate.h */,
				F64CB7191D66BFB900215471 /* AppDelegate.m */,
				F64CB7221D66BFB900215471 /* main.m */,
				F64CB7231D66BFB900215471 /* PrefixHeader.pch */,
			);
			path = Other;
			sourceTree = "<group>";
		};
		F64CB71A1D66BFB900215471 /* category */ = {
			isa = PBXGroup;
			children = (
				F64CB71B1D66BFB900215471 /* UIBarButtonItem+LHYExtension.h */,
				F64CB71C1D66BFB900215471 /* UIBarButtonItem+LHYExtension.m */,
				F64CB71D1D66BFB900215471 /* UIView+LHYExtension.h */,
				F64CB71E1D66BFB900215471 /* UIView+LHYExtension.m */,
			);
			path = category;
			sourceTree = "<group>";
		};
		F64CB71F1D66BFB900215471 /* Controller */ = {
			isa = PBXGroup;
			children = (
				F64CB7311D6734BC00215471 /* LHYUINavigationController.h */,
				F64CB7321D6734BC00215471 /* LHYUINavigationController.m */,
				F64CB7201D66BFB900215471 /* LHYTabBarController.h */,
				F64CB7211D66BFB900215471 /* LHYTabBarController.m */,
			);
			path = Controller;
			sourceTree = "<group>";
		};
		F64CB7241D66BFB900215471 /* View */ = {
			isa = PBXGroup;
			children = (
				F64CB7251D66BFB900215471 /* LHYTabBar.h */,
				F64CB7261D66BFB900215471 /* LHYTabBar.m */,
			);
			path = View;
			sourceTree = "<group>";
		};
		F659B49A1D69559800A7C48D /* Setting */ = {
			isa = PBXGroup;
			children = (
				F659B49B1D69559800A7C48D /* Controller */,
				F659B49C1D69559800A7C48D /* Model */,
				F659B49D1D69559800A7C48D /* View */,
			);
			path = Setting;
			sourceTree = "<group>";
		};
		F659B49B1D69559800A7C48D /* Controller */ = {
			isa = PBXGroup;
			children = (
				F659B49E1D6955BF00A7C48D /* LHYSettingTableViewController.h */,
				F659B49F1D6955BF00A7C48D /* LHYSettingTableViewController.m */,
			);
			path = Controller;
			sourceTree = "<group>";
		};
		F659B49C1D69559800A7C48D /* Model */ = {
			isa = PBXGroup;
			children = (
			);
			path = Model;
			sourceTree = "<group>";
		};
		F659B49D1D69559800A7C48D /* View */ = {
			isa = PBXGroup;
			children = (
			);
			path = View;
			sourceTree = "<group>";
		};
/* End PBXGroup section */

/* Begin PBXNativeTarget section */
		F64CB6AE1D664AE400215471 /* LetFun */ = {
			isa = PBXNativeTarget;
			buildConfigurationList = F64CB6DC1D664AE400215471 /* Build configuration list for PBXNativeTarget "LetFun" */;
			buildPhases = (
				690E4D0D88EFA1261DB046A9 /* [CP] Check Pods Manifest.lock */,
				F64CB6AB1D664AE400215471 /* Sources */,
				F64CB6AC1D664AE400215471 /* Frameworks */,
				F64CB6AD1D664AE400215471 /* Resources */,
				8DE430AA2C546E569852984B /* [CP] Embed Pods Frameworks */,
				4B68D9796AB03019DBEFB4D4 /* [CP] Copy Pods Resources */,
			);
			buildRules = (
			);
			dependencies = (
			);
			name = LetFun;
			productName = LetFun;
			productReference = F64CB6AF1D664AE400215471 /* LetFun.app */;
			productType = "com.apple.product-type.application";
		};
		F64CB6C71D664AE400215471 /* LetFunTests */ = {
			isa = PBXNativeTarget;
			buildConfigurationList = F64CB6DF1D664AE400215471 /* Build configuration list for PBXNativeTarget "LetFunTests" */;
			buildPhases = (
				F64CB6C41D664AE400215471 /* Sources */,
				F64CB6C51D664AE400215471 /* Frameworks */,
				F64CB6C61D664AE400215471 /* Resources */,
			);
			buildRules = (
			);
			dependencies = (
				F64CB6CA1D664AE400215471 /* PBXTargetDependency */,
			);
			name = LetFunTests;
			productName = LetFunTests;
			productReference = F64CB6C81D664AE400215471 /* LetFunTests.xctest */;
			productType = "com.apple.product-type.bundle.unit-test";
		};
		F64CB6D21D664AE400215471 /* LetFunUITests */ = {
			isa = PBXNativeTarget;
			buildConfigurationList = F64CB6E21D664AE400215471 /* Build configuration list for PBXNativeTarget "LetFunUITests" */;
			buildPhases = (
				F64CB6CF1D664AE400215471 /* Sources */,
				F64CB6D01D664AE400215471 /* Frameworks */,
				F64CB6D11D664AE400215471 /* Resources */,
			);
			buildRules = (
			);
			dependencies = (
				F64CB6D51D664AE400215471 /* PBXTargetDependency */,
			);
			name = LetFunUITests;
			productName = LetFunUITests;
			productReference = F64CB6D31D664AE400215471 /* LetFunUITests.xctest */;
			productType = "com.apple.product-type.bundle.ui-testing";
		};
/* End PBXNativeTarget section */

/* Begin PBXProject section */
		F64CB6A71D664AE400215471 /* Project object */ = {
			isa = PBXProject;
			attributes = {
				CLASSPREFIX = LHY;
				LastUpgradeCheck = 0730;
				ORGANIZATIONNAME = "hongyi liu";
				TargetAttributes = {
					F64CB6AE1D664AE400215471 = {
						CreatedOnToolsVersion = 7.3.1;
						DevelopmentTeam = L258FGE4SX;
					};
					F64CB6C71D664AE400215471 = {
						CreatedOnToolsVersion = 7.3.1;
						TestTargetID = F64CB6AE1D664AE400215471;
					};
					F64CB6D21D664AE400215471 = {
						CreatedOnToolsVersion = 7.3.1;
						TestTargetID = F64CB6AE1D664AE400215471;
					};
				};
			};
			buildConfigurationList = F64CB6AA1D664AE400215471 /* Build configuration list for PBXProject "LetFun" */;
			compatibilityVersion = "Xcode 3.2";
			developmentRegion = English;
			hasScannedForEncodings = 0;
			knownRegions = (
				en,
				Base,
			);
			mainGroup = F64CB6A61D664AE400215471;
			productRefGroup = F64CB6B01D664AE400215471 /* Products */;
			projectDirPath = "";
			projectRoot = "";
			targets = (
				F64CB6AE1D664AE400215471 /* LetFun */,
				F64CB6C71D664AE400215471 /* LetFunTests */,
				F64CB6D21D664AE400215471 /* LetFunUITests */,
			);
		};
/* End PBXProject section */

/* Begin PBXResourcesBuildPhase section */
		F64CB6AD1D664AE400215471 /* Resources */ = {
			isa = PBXResourcesBuildPhase;
			buildActionMask = 2147483647;
			files = (
				F64CB7381D6764A000215471 /* LHYfriendTrendsViewController.xib in Resources */,
				F659B4A91D6969E100A7C48D /* LHYRecommendUserCell.xib in Resources */,
				F659B4991D693F8F00A7C48D /* LHYRecommendCategoryCell.xib in Resources */,
				F659B48C1D67BD5C00A7C48D /* LHYRecommnedViewController.xib in Resources */,
				F64CB73A1D676BB000215471 /* XMGFriendTrendsViewController.xib in Resources */,
				F64CB6BF1D664AE400215471 /* Assets.xcassets in Resources */,
			);
			runOnlyForDeploymentPostprocessing = 0;
		};
		F64CB6C61D664AE400215471 /* Resources */ = {
			isa = PBXResourcesBuildPhase;
			buildActionMask = 2147483647;
			files = (
			);
			runOnlyForDeploymentPostprocessing = 0;
		};
		F64CB6D11D664AE400215471 /* Resources */ = {
			isa = PBXResourcesBuildPhase;
			buildActionMask = 2147483647;
			files = (
			);
			runOnlyForDeploymentPostprocessing = 0;
		};
/* End PBXResourcesBuildPhase section */

/* Begin PBXShellScriptBuildPhase section */
		4B68D9796AB03019DBEFB4D4 /* [CP] Copy Pods Resources */ = {
			isa = PBXShellScriptBuildPhase;
			buildActionMask = 2147483647;
			files = (
			);
			inputPaths = (
			);
			name = "[CP] Copy Pods Resources";
			outputPaths = (
			);
			runOnlyForDeploymentPostprocessing = 0;
			shellPath = /bin/sh;
			shellScript = "\"${SRCROOT}/Pods/Target Support Files/Pods-LetFun/Pods-LetFun-resources.sh\"\n";
			showEnvVarsInLog = 0;
		};
		690E4D0D88EFA1261DB046A9 /* [CP] Check Pods Manifest.lock */ = {
			isa = PBXShellScriptBuildPhase;
			buildActionMask = 2147483647;
			files = (
			);
			inputPaths = (
			);
			name = "[CP] Check Pods Manifest.lock";
			outputPaths = (
			);
			runOnlyForDeploymentPostprocessing = 0;
			shellPath = /bin/sh;
			shellScript = "diff \"${PODS_ROOT}/../Podfile.lock\" \"${PODS_ROOT}/Manifest.lock\" > /dev/null\nif [[ $? != 0 ]] ; then\n    cat << EOM\nerror: The sandbox is not in sync with the Podfile.lock. Run 'pod install' or update your CocoaPods installation.\nEOM\n    exit 1\nfi\n";
			showEnvVarsInLog = 0;
		};
		8DE430AA2C546E569852984B /* [CP] Embed Pods Frameworks */ = {
			isa = PBXShellScriptBuildPhase;
			buildActionMask = 2147483647;
			files = (
			);
			inputPaths = (
			);
			name = "[CP] Embed Pods Frameworks";
			outputPaths = (
			);
			runOnlyForDeploymentPostprocessing = 0;
			shellPath = /bin/sh;
			shellScript = "\"${SRCROOT}/Pods/Target Support Files/Pods-LetFun/Pods-LetFun-frameworks.sh\"\n";
			showEnvVarsInLog = 0;
		};
/* End PBXShellScriptBuildPhase section */

/* Begin PBXSourcesBuildPhase section */
		F64CB6AB1D664AE400215471 /* Sources */ = {
			isa = PBXSourcesBuildPhase;
			buildActionMask = 2147483647;
			files = (
				F64CB7291D66BFB900215471 /* LHYMeViewController.m in Sources */,
				F659B48B1D67BD5C00A7C48D /* LHYRecommnedViewController.m in Sources */,
				F659B4A01D6955BF00A7C48D /* LHYSettingTableViewController.m in Sources */,
				F64CB7281D66BFB900215471 /* LHYfriendTrendsViewController.m in Sources */,
				F64CB72C1D66BFB900215471 /* UIBarButtonItem+LHYExtension.m in Sources */,
				F64CB72D1D66BFB900215471 /* UIView+LHYExtension.m in Sources */,
				F64CB7271D66BFB900215471 /* LHYEssenceViewController.m in Sources */,
				F64CB72E1D66BFB900215471 /* LHYTabBarController.m in Sources */,
				F64CB72A1D66BFB900215471 /* LHYNewViewController.m in Sources */,
				F659B4981D693F8F00A7C48D /* LHYRecommendCategoryCell.m in Sources */,
				F64CB72F1D66BFB900215471 /* main.m in Sources */,
				F64CB72B1D66BFB900215471 /* AppDelegate.m in Sources */,
				F64CB7331D6734BC00215471 /* LHYUINavigationController.m in Sources */,
				F64CB7301D66BFB900215471 /* LHYTabBar.m in Sources */,
				F659B4911D68C08A00A7C48D /* LHYRecommendCategory.m in Sources */,
				F659B4AC1D696CEC00A7C48D /* LHYRecommendUser.m in Sources */,
				F659B4A41D69678F00A7C48D /* Foundation+Log.m in Sources */,
				F659B4A81D6969E100A7C48D /* LHYRecommendUserCell.m in Sources */,
			);
			runOnlyForDeploymentPostprocessing = 0;
		};
		F64CB6C41D664AE400215471 /* Sources */ = {
			isa = PBXSourcesBuildPhase;
			buildActionMask = 2147483647;
			files = (
				F64CB6CD1D664AE400215471 /* LetFunTests.m in Sources */,
			);
			runOnlyForDeploymentPostprocessing = 0;
		};
		F64CB6CF1D664AE400215471 /* Sources */ = {
			isa = PBXSourcesBuildPhase;
			buildActionMask = 2147483647;
			files = (
				F64CB6D81D664AE400215471 /* LetFunUITests.m in Sources */,
			);
			runOnlyForDeploymentPostprocessing = 0;
		};
/* End PBXSourcesBuildPhase section */

/* Begin PBXTargetDependency section */
		F64CB6CA1D664AE400215471 /* PBXTargetDependency */ = {
			isa = PBXTargetDependency;
			target = F64CB6AE1D664AE400215471 /* LetFun */;
			targetProxy = F64CB6C91D664AE400215471 /* PBXContainerItemProxy */;
		};
		F64CB6D51D664AE400215471 /* PBXTargetDependency */ = {
			isa = PBXTargetDependency;
			target = F64CB6AE1D664AE400215471 /* LetFun */;
			targetProxy = F64CB6D41D664AE400215471 /* PBXContainerItemProxy */;
		};
/* End PBXTargetDependency section */

/* Begin XCBuildConfiguration section */
		F64CB6DA1D664AE400215471 /* Debug */ = {
			isa = XCBuildConfiguration;
			buildSettings = {
				ALWAYS_SEARCH_USER_PATHS = NO;
				CLANG_ANALYZER_NONNULL = YES;
				CLANG_CXX_LANGUAGE_STANDARD = "gnu++0x";
				CLANG_CXX_LIBRARY = "libc++";
				CLANG_ENABLE_MODULES = YES;
				CLANG_ENABLE_OBJC_ARC = YES;
				CLANG_WARN_BOOL_CONVERSION = YES;
				CLANG_WARN_CONSTANT_CONVERSION = YES;
				CLANG_WARN_DIRECT_OBJC_ISA_USAGE = YES_ERROR;
				CLANG_WARN_EMPTY_BODY = YES;
				CLANG_WARN_ENUM_CONVERSION = YES;
				CLANG_WARN_INT_CONVERSION = YES;
				CLANG_WARN_OBJC_ROOT_CLASS = YES_ERROR;
				CLANG_WARN_UNREACHABLE_CODE = YES;
				CLANG_WARN__DUPLICATE_METHOD_MATCH = YES;
				"CODE_SIGN_IDENTITY[sdk=iphoneos*]" = "iPhone Developer";
				COPY_PHASE_STRIP = NO;
				DEBUG_INFORMATION_FORMAT = dwarf;
				ENABLE_STRICT_OBJC_MSGSEND = YES;
				ENABLE_TESTABILITY = YES;
				GCC_C_LANGUAGE_STANDARD = gnu99;
				GCC_DYNAMIC_NO_PIC = NO;
				GCC_NO_COMMON_BLOCKS = YES;
				GCC_OPTIMIZATION_LEVEL = 0;
				GCC_PREPROCESSOR_DEFINITIONS = (
					"DEBUG=1",
					"$(inherited)",
				);
				GCC_WARN_64_TO_32_BIT_CONVERSION = YES;
				GCC_WARN_ABOUT_RETURN_TYPE = YES_ERROR;
				GCC_WARN_UNDECLARED_SELECTOR = YES;
				GCC_WARN_UNINITIALIZED_AUTOS = YES_AGGRESSIVE;
				GCC_WARN_UNUSED_FUNCTION = YES;
				GCC_WARN_UNUSED_VARIABLE = YES;
				IPHONEOS_DEPLOYMENT_TARGET = 9.3;
				MTL_ENABLE_DEBUG_INFO = YES;
				ONLY_ACTIVE_ARCH = YES;
				SDKROOT = iphoneos;
			};
			name = Debug;
		};
		F64CB6DB1D664AE400215471 /* Release */ = {
			isa = XCBuildConfiguration;
			buildSettings = {
				ALWAYS_SEARCH_USER_PATHS = NO;
				CLANG_ANALYZER_NONNULL = YES;
				CLANG_CXX_LANGUAGE_STANDARD = "gnu++0x";
				CLANG_CXX_LIBRARY = "libc++";
				CLANG_ENABLE_MODULES = YES;
				CLANG_ENABLE_OBJC_ARC = YES;
				CLANG_WARN_BOOL_CONVERSION = YES;
				CLANG_WARN_CONSTANT_CONVERSION = YES;
				CLANG_WARN_DIRECT_OBJC_ISA_USAGE = YES_ERROR;
				CLANG_WARN_EMPTY_BODY = YES;
				CLANG_WARN_ENUM_CONVERSION = YES;
				CLANG_WARN_INT_CONVERSION = YES;
				CLANG_WARN_OBJC_ROOT_CLASS = YES_ERROR;
				CLANG_WARN_UNREACHABLE_CODE = YES;
				CLANG_WARN__DUPLICATE_METHOD_MATCH = YES;
				"CODE_SIGN_IDENTITY[sdk=iphoneos*]" = "iPhone Developer";
				COPY_PHASE_STRIP = NO;
				DEBUG_INFORMATION_FORMAT = "dwarf-with-dsym";
				ENABLE_NS_ASSERTIONS = NO;
				ENABLE_STRICT_OBJC_MSGSEND = YES;
				GCC_C_LANGUAGE_STANDARD = gnu99;
				GCC_NO_COMMON_BLOCKS = YES;
				GCC_WARN_64_TO_32_BIT_CONVERSION = YES;
				GCC_WARN_ABOUT_RETURN_TYPE = YES_ERROR;
				GCC_WARN_UNDECLARED_SELECTOR = YES;
				GCC_WARN_UNINITIALIZED_AUTOS = YES_AGGRESSIVE;
				GCC_WARN_UNUSED_FUNCTION = YES;
				GCC_WARN_UNUSED_VARIABLE = YES;
				IPHONEOS_DEPLOYMENT_TARGET = 9.3;
				MTL_ENABLE_DEBUG_INFO = NO;
				SDKROOT = iphoneos;
				VALIDATE_PRODUCT = YES;
			};
			name = Release;
		};
		F64CB6DD1D664AE400215471 /* Debug */ = {
			isa = XCBuildConfiguration;
			baseConfigurationReference = A2C07878598BAA8194397273 /* Pods-LetFun.debug.xcconfig */;
			buildSettings = {
				ASSETCATALOG_COMPILER_APPICON_NAME = AppIcon;
				ASSETCATALOG_COMPILER_LAUNCHIMAGE_NAME = "Brand Assets";
				CODE_SIGN_IDENTITY = "iPhone Developer";
				"CODE_SIGN_IDENTITY[sdk=iphoneos*]" = "iPhone Developer";
				GCC_PREFIX_HEADER = LetFun/Classes/Other/PrefixHeader.pch;
				INFOPLIST_FILE = LetFun/Info.plist;
				IPHONEOS_DEPLOYMENT_TARGET = 9.3;
				LD_RUNPATH_SEARCH_PATHS = "$(inherited) @executable_path/Frameworks";
				PRODUCT_BUNDLE_IDENTIFIER = com.leo.LetFun;
				PRODUCT_NAME = "$(TARGET_NAME)";
				PROVISIONING_PROFILE = "";
			};
			name = Debug;
		};
		F64CB6DE1D664AE400215471 /* Release */ = {
			isa = XCBuildConfiguration;
			baseConfigurationReference = 84D7DC52BA417A6704B0FB7C /* Pods-LetFun.release.xcconfig */;
			buildSettings = {
				ASSETCATALOG_COMPILER_APPICON_NAME = AppIcon;
				ASSETCATALOG_COMPILER_LAUNCHIMAGE_NAME = "Brand Assets";
				CODE_SIGN_IDENTITY = "iPhone Developer";
				"CODE_SIGN_IDENTITY[sdk=iphoneos*]" = "iPhone Developer";
				GCC_PREFIX_HEADER = LetFun/Classes/Other/PrefixHeader.pch;
				INFOPLIST_FILE = LetFun/Info.plist;
				IPHONEOS_DEPLOYMENT_TARGET = 9.3;
				LD_RUNPATH_SEARCH_PATHS = "$(inherited) @executable_path/Frameworks";
				PRODUCT_BUNDLE_IDENTIFIER = com.leo.LetFun;
				PRODUCT_NAME = "$(TARGET_NAME)";
				PROVISIONING_PROFILE = "";
			};
			name = Release;
		};
		F64CB6E01D664AE400215471 /* Debug */ = {
			isa = XCBuildConfiguration;
			buildSettings = {
				BUNDLE_LOADER = "$(TEST_HOST)";
				INFOPLIST_FILE = LetFunTests/Info.plist;
				LD_RUNPATH_SEARCH_PATHS = "$(inherited) @executable_path/Frameworks @loader_path/Frameworks";
				PRODUCT_BUNDLE_IDENTIFIER = com.leo.LetFunTests;
				PRODUCT_NAME = "$(TARGET_NAME)";
				TEST_HOST = "$(BUILT_PRODUCTS_DIR)/LetFun.app/LetFun";
			};
			name = Debug;
		};
		F64CB6E11D664AE400215471 /* Release */ = {
			isa = XCBuildConfiguration;
			buildSettings = {
				BUNDLE_LOADER = "$(TEST_HOST)";
				INFOPLIST_FILE = LetFunTests/Info.plist;
				LD_RUNPATH_SEARCH_PATHS = "$(inherited) @executable_path/Frameworks @loader_path/Frameworks";
				PRODUCT_BUNDLE_IDENTIFIER = com.leo.LetFunTests;
				PRODUCT_NAME = "$(TARGET_NAME)";
				TEST_HOST = "$(BUILT_PRODUCTS_DIR)/LetFun.app/LetFun";
			};
			name = Release;
		};
		F64CB6E31D664AE400215471 /* Debug */ = {
			isa = XCBuildConfiguration;
			buildSettings = {
				INFOPLIST_FILE = LetFunUITests/Info.plist;
				LD_RUNPATH_SEARCH_PATHS = "$(inherited) @executable_path/Frameworks @loader_path/Frameworks";
				PRODUCT_BUNDLE_IDENTIFIER = com.leo.LetFunUITests;
				PRODUCT_NAME = "$(TARGET_NAME)";
				TEST_TARGET_NAME = LetFun;
			};
			name = Debug;
		};
		F64CB6E41D664AE400215471 /* Release */ = {
			isa = XCBuildConfiguration;
			buildSettings = {
				INFOPLIST_FILE = LetFunUITests/Info.plist;
				LD_RUNPATH_SEARCH_PATHS = "$(inherited) @executable_path/Frameworks @loader_path/Frameworks";
				PRODUCT_BUNDLE_IDENTIFIER = com.leo.LetFunUITests;
				PRODUCT_NAME = "$(TARGET_NAME)";
				TEST_TARGET_NAME = LetFun;
			};
			name = Release;
		};
/* End XCBuildConfiguration section */

/* Begin XCConfigurationList section */
		F64CB6AA1D664AE400215471 /* Build configuration list for PBXProject "LetFun" */ = {
			isa = XCConfigurationList;
			buildConfigurations = (
				F64CB6DA1D664AE400215471 /* Debug */,
				F64CB6DB1D664AE400215471 /* Release */,
			);
			defaultConfigurationIsVisible = 0;
			defaultConfigurationName = Release;
		};
		F64CB6DC1D664AE400215471 /* Build configuration list for PBXNativeTarget "LetFun" */ = {
			isa = XCConfigurationList;
			buildConfigurations = (
				F64CB6DD1D664AE400215471 /* Debug */,
				F64CB6DE1D664AE400215471 /* Release */,
			);
			defaultConfigurationIsVisible = 0;
			defaultConfigurationName = Release;
		};
		F64CB6DF1D664AE400215471 /* Build configuration list for PBXNativeTarget "LetFunTests" */ = {
			isa = XCConfigurationList;
			buildConfigurations = (
				F64CB6E01D664AE400215471 /* Debug */,
				F64CB6E11D664AE400215471 /* Release */,
			);
			defaultConfigurationIsVisible = 0;
			defaultConfigurationName = Release;
		};
		F64CB6E21D664AE400215471 /* Build configuration list for PBXNativeTarget "LetFunUITests" */ = {
			isa = XCConfigurationList;
			buildConfigurations = (
				F64CB6E31D664AE400215471 /* Debug */,
				F64CB6E41D664AE400215471 /* Release */,
			);
			defaultConfigurationIsVisible = 0;
			defaultConfigurationName = Release;
		};
/* End XCConfigurationList section */
	};
	rootObject = F64CB6A71D664AE400215471 /* Project object */;
}
